
Microsoft Visual Studio Solution File, Format Version 12.00
# Visual Studio Version 16
VisualStudioVersion = 16.0.29806.167
MinimumVisualStudioVersion = 10.0.40219.1
Project("{FAE04EC0-301F-11D3-BF4B-00C04F79EFBC}") = "Hello", "Hello\Hello.csproj", "{B790A48B-F120-400E-A524-BC755E73BBD6}"
EndProject
Project("{FAE04EC0-301F-11D3-BF4B-00C04F79EFBC}") = "StudentDiary", "StudentDiary\StudentDiary.csproj", "{B5BAFDDA-2189-42C2-86FB-D1A6DBA5B8E6}"
EndProject
Project("{FAE04EC0-301F-11D3-BF4B-00C04F79EFBC}") = "Constructors", "Constructors\Constructors.csproj", "{6DB0169A-CFB5-40D9-9438-F7A3E2F815F5}"
EndProject
Project("{FAE04EC0-301F-11D3-BF4B-00C04F79EFBC}") = "Odcinek10", "Odcinek10\Odcinek10.csproj", "{B3D47051-C2C2-4D32-AD67-14A929E09757}"
EndProject
Global
	GlobalSection(SolutionConfigurationPlatforms) = preSolution
		Debug|Any CPU = Debug|Any CPU
		Release|Any CPU = Release|Any CPU
	EndGlobalSection
	GlobalSection(ProjectConfigurationPlatforms) = postSolution
		{B790A48B-F120-400E-A524-BC755E73BBD6}.Debug|Any CPU.ActiveCfg = Debug|Any CPU
		{B790A48B-F120-400E-A524-BC755E73BBD6}.Debug|Any CPU.Build.0 = Debug|Any CPU
		{B790A48B-F120-400E-A524-BC755E73BBD6}.Release|Any CPU.ActiveCfg = Release|Any CPU
		{B790A48B-F120-400E-A524-BC755E73BBD6}.Release|Any CPU.Build.0 = Release|Any CPU
		{B5BAFDDA-2189-42C2-86FB-D1A6DBA5B8E6}.Debug|Any CPU.ActiveCfg = Debug|Any CPU
		{B5BAFDDA-2189-42C2-86FB-D1A6DBA5B8E6}.Debug|Any CPU.Build.0 = Debug|Any CPU
		{B5BAFDDA-2189-42C2-86FB-D1A6DBA5B8E6}.Release|Any CPU.ActiveCfg = Release|Any CPU
		{B5BAFDDA-2189-42C2-86FB-D1A6DBA5B8E6}.Release|Any CPU.Build.0 = Release|Any CPU
		{6DB0169A-CFB5-40D9-9438-F7A3E2F815F5}.Debug|Any CPU.ActiveCfg = Debug|Any CPU
		{6DB0169A-CFB5-40D9-9438-F7A3E2F815F5}.Debug|Any CPU.Build.0 = Debug|Any CPU
		{6DB0169A-CFB5-40D9-9438-F7A3E2F815F5}.Release|Any CPU.ActiveCfg = Release|Any CPU
		{6DB0169A-CFB5-40D9-9438-F7A3E2F815F5}.Release|Any CPU.Build.0 = Release|Any CPU
		{B3D47051-C2C2-4D32-AD67-14A929E09757}.Debug|Any CPU.ActiveCfg = Debug|Any CPU
		{B3D47051-C2C2-4D32-AD67-14A929E09757}.Debug|Any CPU.Build.0 = Debug|Any CPU
		{B3D47051-C2C2-4D32-AD67-14A929E09757}.Release|Any CPU.ActiveCfg = Release|Any CPU
		{B3D47051-C2C2-4D32-AD67-14A929E09757}.Release|Any CPU.Build.0 = Release|Any CPU
	EndGlobalSection
	GlobalSection(SolutionProperties) = preSolution
		HideSolutionNode = FALSE
	EndGlobalSection
	GlobalSection(ExtensibilityGlobals) = postSolution
		SolutionGuid = {F26DAC74-6E86-4CFD-91F8-1595B92D9386}
	EndGlobalSection
EndGlobal
